{
  "lockfile-version": 1,
  "manifest": {
    "schema-version": "1.11.0",
    "install": {
      "cloudflared": {
        "pkg-path": "cloudflared"
      },
      "gnumake": {
        "pkg-path": "gnumake",
        "outputs": "all"
      },
      "go": {
        "pkg-path": "go"
      },
      "golangci-lint": {
        "pkg-path": "golangci-lint"
      },
      "imagemagick": {
        "pkg-path": "imagemagick"
      },
      "jq": {
        "pkg-path": "jq",
        "outputs": "all"
      },
      "sqlite-interactive": {
        "pkg-path": "sqlite-interactive",
        "outputs": "all"
      }
    },
    "hook": {},
    "profile": {},
    "options": {
      "systems": [
        "aarch64-darwin",
        "aarch64-linux",
        "x86_64-linux"
      ]
    },
    "services": {
      "tunnel": {
        "command": "cloudflared tunnel --hostname zoom.stahnma.us --url http://localhost:8888 zoom"
      }
    }
  },
  "packages": [
    {
      "attr_path": "cloudflared",
      "broken": false,
      "derivation": "/nix/store/890jl0s33q71vnb6s7mada8lnvm2swli-cloudflared-2026.9.1.drv",
      "description": "Client for various Cloudflare services, including Tunnel, Access, and DNS over HTTPS",
      "install_id": "cloudflared",
      "license": "Apache-2.0",
      "locked_url": "https://github.com/flox/nixpkgs?rev=b1b875982b17dabde9b4a37f3e229e74913e6db3",
      "name": "cloudflared-2026.9.1",
      "pname": "cloudflared",
      "rev": "b1b875982b17dabde9b4a37f3e229e74913e6db3",
      "rev_count": 1074753,
      "rev_date": "2026-09-16T08:07:56Z",
      "scrape_date": "2026-09-17T05:03:19.829671Z",
      "stabilities": [
        "unstable"
      ],
      "unfree": false,
      "version": "2026.9.1",
      "outputs_to_install": [
        "out"
      ],
      "outputs": {
        "out": "/nix/store/x9ajk7bckp8g2wjw6xw61hprp521bckg-cloudflared-2026.9.1"
      },
      "system": "aarch64-darwin",
      "group": "toplevel",
      "priority": 5
    },
    {
      "attr_path": "cloudflared",
      "broken": false,
      "derivation": "/nix/store/6h5h26ivx1a71iycmg4g0hgdjx3x1p0c-cloudflared-2026.9.1.drv",
      "description": "Client for various Cloudflare services, including Tunnel, Access, and DNS over HTTPS",
      "install_id": "cloudflared",
      "license": "Apache-2.0",
      "locked_url": "https://github.com/flox/nixpkgs?rev=b1b875982b17dabde9b4a37f3e229e74913e6db3",
      "name": "cloudflared-2026.9.1",
      "pname": "cloudflared",
      "rev": "b1b875982b17dabde9b4a37f3e229e74913e6db3",
      "rev_count": 1074753,
      "rev_date": "2026-09-16T08:07:56Z",
      "scrape_date": "2026-09-17T05:40:23.344179Z",
      "stabilities": [
        "unstable"
      ],
      "unfree": false,
      "version": "2026.9.1",
      "outputs_to_install": [
        "out"
      ],
      "outputs": {
        "out": "/nix/store/cxaj30kkr2g848rrhz5z74dj63mg6cf6-cloudflared-2026.9.1"
      },
      "system": "aarch64-linux",
      "group": "toplevel",
      "priority": 5
    },
    {
      "attr_path": "cloudflared",
      "broken": false,
      "derivation": "/nix/store/7k3gyqqrjwsl6lppd2wnkjbmn1x1y4ab-cloudflared-2026.9.1.drv",
      "description": "Client for various Cloudflare services, including Tunnel, Access, and DNS over HTTPS",
      "install_id": "cloudflared",
      "license": "Apache-2.0",
      "locked_url": "https://github.com/flox/nixpkgs?rev=b1b875982b17dabde9b4a37f3e229e74913e6db3",
      "name": "cloudflared-2026.9.1",
      "pname": "cloudflared",
      "rev": "b1b875982b17dabde9b4a37f3e229e74913e6db3",
      "rev_count": 1074753,
      "rev_date": "2026-09-16T08:07:56Z",
      "scrape_date": "2026-09-17T06:22:01.657589Z",
      "stabilities": [
        "unstable"
      ],
      "unfree": false,
      "version": "2026.9.1",
      "outputs_to_install": [
        "out"
      ],
      "outputs": {
        "out": "/nix/store/2dz222yq4lyzwnsz5grjach5q4dyryak-cloudflared-2026.9.1"
      },
      "system": "x86_64-linux",
      "group": "toplevel",
      "priority": 5
    },
    {
      "attr_path": "gnumake",
      "broken": false,
      "derivation": "/nix/store/w755d20mldin24myvxk028lj455g9pba-gnumake-4.4.1.drv",
      "description": "Tool to control the generation of non-source files from sources",
      "install_id": "gnumake",
      "license": "GPL-3.0-or-later",
      "locked_url": "https://github.com/flox/nixpkgs?rev=b1b875982b17dabde9b4a37f3e229e74913e6db3",
      "name": "gnumake-4.4.1",
      "pname": "gnumake",
      "rev": "b1b875982b17dabde9b4a37f3e229e74913e6db3",
      "rev_count": 1074753,
      "rev_date": "2026-09-16T08:07:56Z",
      "scrape_date": "2026-09-17T05:03:20.984731Z",
      "stabilities": [
        "unstable"
      ],
      "unfree": false,
      "version": "4.4.1",
      "outputs_to_install": [
        "man",
        "out"
      ],
      "outputs": {
        "doc": "/nix/store/i96jvlr7jhf499qjwzcflkwv3pn1fazv-gnumake-4.4.1-doc",
        "info": "/nix/store/9djc3a3q5bbxfram7avp35bvwfvq6mmy-gnumake-4.4.1-info",
        "man": "/nix/store/fqfwajfvmj7xyd670bh14jidq6804pja-gnumake-4.4.1-man",
        "out": "/nix/store/nzzp66yprdiqhlw013f0qqnvkz1bi7j1-gnumake-4.4.1"
      },
      "system": "aarch64-darwin",
      "group": "toplevel",
      "priority": 5
    },
    {
      "attr_path": "gnumake",
      "broken": false,
      "derivation": "/nix/store/vvgs9069qwy7a6bf00rldk2bfa1h2gn2-gnumake-4.4.1.drv",
      "description": "Tool to control the generation of non-source files from sources",
      "install_id": "gnumake",
      "license": "GPL-3.0-or-later",
      "locked_url": "https://github.com/flox/nixpkgs?rev=b1b875982b17dabde9b4a37f3e229e74913e6db3",
      "name": "gnumake-4.4.1",
      "pname": "gnumake",
      "rev": "b1b875982b17dabde9b4a37f3e229e74913e6db3",
      "rev_count": 1074753,
      "rev_date": "2026-09-16T08:07:56Z",
      "scrape_date": "2026-09-17T05:40:25.637288Z",
      "stabilities": [
        "unstable"
      ],
      "unfree": false,
      "version": "4.4.1",
      "outputs_to_install": [
        "man",
        "out"
      ],
      "outputs": {
        "debug": "/nix/store/2m0m9rqpbp41qsvpyndm5lrlhz8ib6rm-gnumake-4.4.1-debug",
        "doc": "/nix/store/2rd6ibqk57k6kxs2l9lcikb32gbr3q4i-gnumake-4.4.1-doc",
        "info": "/nix/store/7hfrdpmnif4lf0cagm07gzzys7fcfamg-gnumake-4.4.1-info",
        "man": "/nix/store/4967h3q84h7m43bay2jc6s0vs0b4vl8b-gnumake-4.4.1-man",
        "out": "/nix/store/05difb0b1s9bzadqngmfcjlzpvhza5kq-gnumake-4.4.1"
      },
      "system": "aarch64-linux",
      "group": "toplevel",
      "priority": 5
    },
    {
      "attr_path": "gnumake",
      "broken": false,
      "derivation": "/nix/store/0hw4dy0k3b0jpm1h944arm44rnp57xp7-gnumake-4.4.1.drv",
      "description": "Tool to control the generation of non-source files from sources",
      "install_id": "gnumake",
      "license": "GPL-3.0-or-later",
      "locked_url": "https://github.com/flox/nixpkgs?rev=b1b875982b17dabde9b4a37f3e229e74913e6db3",
      "name": "gnumake-4.4.1",
      "pname": "gnumake",
      "rev": "b1b875982b17dabde9b4a37f3e229e74913e6db3",
      "rev_count": 1074753,
      "rev_date": "2026-09-16T08:07:56Z",
      "scrape_date": "2026-09-17T06:22:04.231769Z",
      "stabilities": [
        "unstable"
      ],
      "unfree": false,
      "version": "4.4.1",
      "outputs_to_install": [
        "man",
        "out"
      ],
      "outputs": {
        "debug": "/nix/store/aiblfv71cad3vckhc76xbccg805928iy-gnumake-4.4.1-debug",
        "doc": "/nix/store/7mzzf3prlkzj89b9d80mxdasgdzjg8bk-gnumake-4.4.1-doc",
        "info": "/nix/store/k9vqm03zln0mf7xcylnwlcjh0g2wcqjs-gnumake-4.4.1-info",
        "man": "/nix/store/cnhhvss345vj63rgzx9jq172b6ni7x5i-gnumake-4.4.1-man",
        "out": "/nix/store/kpnsgmzydsr7ig2p09p0143rsw1qik5b-gnumake-4.4.1"
      },
      "system": "x86_64-linux",
      "group": "toplevel",
      "priority": 5
    },
    {
      "attr_path": "go",
      "broken": false,
      "derivation": "/nix/store/zyqajpfsg5pbx8riq2218xkylyxbmm58-go-1.26.7.drv",
      "description": "Go Programming language",
      "install_id": "go",
      "license": "BSD-3-Clause",
      "locked_url": "https://github.com/flox/nixpkgs?rev=b1b875982b17dabde9b4a37f3e229e74913e6db3",
      "name": "go-1.26.7",
      "pname": "go",
      "rev": "b1b875982b17dabde9b4a37f3e229e74913e6db3",
      "rev_count": 1074753,
      "rev_date": "2026-09-16T08:07:56Z",
      "scrape_date": "2026-09-17T05:03:20.995623Z",
      "stabilities": [
        "unstable"
      ],
      "unfree": false,
      "version": "1.26.7",
      "outputs_to_install": [
        "out"
      ],
      "outputs": {
        "out": "/nix/store/ynhaddwnkhvlr6qn7scbrj1515k52gnw-go-1.26.7"
      },
      "system": "aarch64-darwin",
      "group": "toplevel",
      "priority": 5
    },
    {
      "attr_path": "go",
      "broken": false,
      "derivation": "/nix/store/a9nwjsniqhhgmvwbz45lbg1zr1n8v22g-go-1.26.7.drv",
      "description": "Go Programming language",
      "install_id": "go",
      "license": "BSD-3-Clause",
      "locked_url": "https://github.com/flox/nixpkgs?rev=b1b875982b17dabde9b4a37f3e229e74913e6db3",
      "name": "go-1.26.7",
      "pname": "go",
      "rev": "b1b875982b17dabde9b4a37f3e229e74913e6db3",
      "rev_count": 1074753,
      "rev_date": "2026-09-16T08:07:56Z",
      "scrape_date": "2026-09-17T05:40:25.653433Z",
      "stabilities": [
        "unstable"
      ],
      "unfree": false,
      "version": "1.26.7",
      "outputs_to_install": [
        "out"
      ],
      "outputs": {
        "out": "/nix/store/2bvkkxxp66zj839qmi7lp4f5l915asjd-go-1.26.7"
      },
      "system": "aarch64-linux",
      "group": "toplevel",
      "priority": 5
    },
    {
      "attr_path": "go",
      "broken": false,
      "derivation": "/nix/store/4mpjija8nbzw3zlxpbv189kliwd40z2j-go-1.26.7.drv",
      "description": "Go Programming language",
      "install_id": "go",
      "license": "BSD-3-Clause",
      "locked_url": "https://github.com/flox/nixpkgs?rev=b1b875982b17dabde9b4a37f3e229e74913e6db3",
      "name": "go-1.26.7",
      "pname": "go",
      "rev": "b1b875982b17dabde9b4a37f3e229e74913e6db3",
      "rev_count": 1074753,
      "rev_date": "2026-09-16T08:07:56Z",
      "scrape_date": "2026-09-17T06:22:04.248933Z",
      "stabilities": [
        "unstable"
      ],
      "unfree": false,
      "version": "1.26.7",
      "outputs_to_install": [
        "out"
      ],
      "outputs": {
        "out": "/nix/store/4l04h8656as4i291mpcg38wz9m4k8acp-go-1.26.7"
      },
      "system": "x86_64-linux",
      "group": "toplevel",
      "priority": 5
    },
    {
      "attr_path": "golangci-lint",
      "broken": false,
      "derivation": "/nix/store/r79r20yqmnnc1ybs1ra1h3647fzbqi0y-golangci-lint-2.13.2.drv",
      "description": "Fast linters Runner for Go",
      "install_id": "golangci-lint",
      "license": "GPL-3.0-or-later",
      "locked_url": "https://github.com/flox/nixpkgs?rev=b1b875982b17dabde9b4a37f3e229e74913e6db3",
      "name": "golangci-lint-2.13.2",
      "pname": "golangci-lint",
      "rev": "b1b875982b17dabde9b4a37f3e229e74913e6db3",
      "rev_count": 1074753,
      "rev_date": "2026-09-16T08:07:56Z",
      "scrape_date": "2026-09-17T05:03:21.071204Z",
      "stabilities": [
        "unstable"
      ],
      "unfree": false,
      "version": "2.13.2",
      "outputs_to_install": [
        "out"
      ],
      "outputs": {
        "out": "/nix/store/86zcj3bjakjbbv0mw45hnfzakp4lbyj7-golangci-lint-2.13.2"
      },
      "system": "aarch64-darwin",
      "group": "toplevel",
      "priority": 5
    },
    {
      "attr_path": "golangci-lint",
      "broken": false,
      "derivation": "/nix/store/3k60ykanla1s539ky0z1alcv24nsrpbz-golangci-lint-2.13.2.drv",
      "description": "Fast linters Runner for Go",
      "install_id": "golangci-lint",
      "license": "GPL-3.0-or-later",
      "locked_url": "https://github.com/flox/nixpkgs?rev=b1b875982b17dabde9b4a37f3e229e74913e6db3",
      "name": "golangci-lint-2.13.2",
      "pname": "golangci-lint",
      "rev": "b1b875982b17dabde9b4a37f3e229e74913e6db3",
      "rev_count": 1074753,
      "rev_date": "2026-09-16T08:07:56Z",
      "scrape_date": "2026-09-17T05:40:25.759546Z",
      "stabilities": [
        "unstable"
      ],
      "unfree": false,
      "version": "2.13.2",
      "outputs_to_install": [
        "out"
      ],
      "outputs": {
        "out": "/nix/store/y2an7133w5r04086j4jl1niwsr67rx48-golangci-lint-2.13.2"
      },
      "system": "aarch64-linux",
      "group": "toplevel",
      "priority": 5
    },
    {
      "attr_path": "golangci-lint",
      "broken": false,
      "derivation": "/nix/store/hzajn6lwarrhvh24jfkxxhd8wdir7d5h-golangci-lint-2.13.2.drv",
      "description": "Fast linters Runner for Go",
      "install_id": "golangci-lint",
      "license": "GPL-3.0-or-later",
      "locked_url": "https://github.com/flox/nixpkgs?rev=b1b875982b17dabde9b4a37f3e229e74913e6db3",
      "name": "golangci-lint-2.13.2",
      "pname": "golangci-lint",
      "rev": "b1b875982b17dabde9b4a37f3e229e74913e6db3",
      "rev_count": 1074753,
      "rev_date": "2026-09-16T08:07:56Z",
      "scrape_date": "2026-09-17T06:22:04.369631Z",
      "stabilities": [
        "unstable"
      ],
      "unfree": false,
      "version": "2.13.2",
      "outputs_to_install": [
        "out"
      ],
      "outputs": {
        "out": "/nix/store/ilazks9wgdw6vbc6q8gb2i4by1r1cr73-golangci-lint-2.13.2"
      },
      "system": "x86_64-linux",
      "group": "toplevel",
      "priority": 5
    },
    {
      "attr_path": "imagemagick",
      "broken": false,
      "derivation": "/nix/store/2jgrh3hlynvlvyw587hmf4vm776fayj0-imagemagick-7.1.2-31.drv",
      "description": "Software suite to create, edit, compose, or convert bitmap images",
      "install_id": "imagemagick",
      "license": "Apache-2.0",
      "locked_url": "https://github.com/flox/nixpkgs?rev=b1b875982b17dabde9b4a37f3e229e74913e6db3",
      "name": "imagemagick-7.1.2-31",
      "pname": "imagemagick",
      "rev": "b1b875982b17dabde9b4a37f3e229e74913e6db3",
      "rev_count": 1074753,
      "rev_date": "2026-09-16T08:07:56Z",
      "scrape_date": "2026-09-17T05:03:36.975692Z",
      "stabilities": [
        "unstable"
      ],
      "unfree": false,
      "version": "7.1.2-31",
      "outputs_to_install": [
        "out"
      ],
      "outputs": {
        "dev": "/nix/store/2zrhzpsv41gaiyvgq3wdjmwiymxh6xjk-imagemagick-7.1.2-31-dev",
        "doc": "/nix/store/vy8wzm7xg7rx6kf6717ci765j06av0h9-imagemagick-7.1.2-31-doc",
        "out": "/nix/store/rbaav7an7h1jxvsmfqkcjj2d3a5wzxdk-imagemagick-7.1.2-31"
      },
      "system": "aarch64-darwin",
      "group": "toplevel",
      "priority": 5
    },
    {
      "attr_path": "imagemagick",
      "broken": false,
      "derivation": "/nix/store/idgd76vxgmar8506czcax0x4vjdc64dk-imagemagick-7.1.2-31.drv",
      "description": "Software suite to create, edit, compose, or convert bitmap images",
      "install_id": "imagemagick",
      "license": "Apache-2.0",
      "locked_url": "https://github.com/flox/nixpkgs?rev=b1b875982b17dabde9b4a37f3e229e74913e6db3",
      "name": "imagemagick-7.1.2-31",
      "pname": "imagemagick",
      "rev": "b1b875982b17dabde9b4a37f3e229e74913e6db3",
      "rev_count": 1074753,
      "rev_date": "2026-09-16T08:07:56Z",
      "scrape_date": "2026-09-17T05:40:44.739618Z",
      "stabilities": [
        "unstable"
      ],
      "unfree": false,
      "version": "7.1.2-31",
      "outputs_to_install": [
        "out",
        "out"
      ],
      "outputs": {
        "dev": "/nix/store/smnwkj3kzj7w5v9x48y5phr6z8nr6hvl-imagemagick-7.1.2-31-dev",
        "doc": "/nix/store/wy807z2a9ai32ai1qgkqbagw06jn8xv2-imagemagick-7.1.2-31-doc",
        "out": "/nix/store/sj580yl7j73dllighb036z5yshc385bw-imagemagick-7.1.2-31"
      },
      "system": "aarch64-linux",
      "group": "toplevel",
      "priority": 5
    },
    {
      "attr_path": "imagemagick",
      "broken": false,
      "derivation": "/nix/store/p9vfhhjafxkp4mmvwmllnfw9r8pmxhc3-imagemagick-7.1.2-31.drv",
      "description": "Software suite to create, edit, compose, or convert bitmap images",
      "install_id": "imagemagick",
      "license": "Apache-2.0",
      "locked_url": "https://github.com/flox/nixpkgs?rev=b1b875982b17dabde9b4a37f3e229e74913e6db3",
      "name": "imagemagick-7.1.2-31",
      "pname": "imagemagick",
      "rev": "b1b875982b17dabde9b4a37f3e229e74913e6db3",
      "rev_count": 1074753,
      "rev_date": "2026-09-16T08:07:56Z",
      "scrape_date": "2026-09-17T06:22:24.042892Z",
      "stabilities": [
        "unstable"
      ],
      "unfree": false,
      "version": "7.1.2-31",
      "outputs_to_install": [
        "out",
        "out"
      ],
      "outputs": {
        "dev": "/nix/store/bbd9g4knw3chjhwczbw0srbhz6ghzkgy-imagemagick-7.1.2-31-dev",
        "doc": "/nix/store/arm17kw3za04l3yvi08dj8wn6qzgjqwj-imagemagick-7.1.2-31-doc",
        "out": "/nix/store/i22x77kkpiss54gc4xrddx5kv7bk8inf-imagemagick-7.1.2-31"
      },
      "system": "x86_64-linux",
      "group": "toplevel",
      "priority": 5
    },
    {
      "attr_path": "jq",
      "broken": false,
      "derivation": "/nix/store/qjl2hfmnz1rfzy0scwsg2nbzc51jg73g-jq-1.8.2.drv",
      "description": "Lightweight and flexible command-line JSON processor",
      "install_id": "jq",
      "license": "MIT",
      "locked_url": "https://github.com/flox/nixpkgs?rev=b1b875982b17dabde9b4a37f3e229e74913e6db3",
      "name": "jq-1.8.2",
      "pname": "jq",
      "rev": "b1b875982b17dabde9b4a37f3e229e74913e6db3",
      "rev_count": 1074753,
      "rev_date": "2026-09-16T08:07:56Z",
      "scrape_date": "2026-09-17T05:03:37.647335Z",
      "stabilities": [
        "unstable"
      ],
      "unfree": false,
      "version": "1.8.2",
      "outputs_to_install": [
        "bin",
        "bin",
        "man",
        "man"
      ],
      "outputs": {
        "bin": "/nix/store/9h51kaz0zibf2fihxp3fnccdf50rlcvh-jq-1.8.2-bin",
        "dev": "/nix/store/ynqxs1nknkwdlgw1fz7i69hfp973rk69-jq-1.8.2-dev",
        "doc": "/nix/store/8qnv2sdlb2fa5mcdwfmryq5rpcvnhw57-jq-1.8.2-doc",
        "man": "/nix/store/pg9h84rp9an1vpnnm3l915pmw9wckvk5-jq-1.8.2-man",
        "out": "/nix/store/2cd91n8msd07024jskrywhygvasf9hkk-jq-1.8.2"
      },
      "system": "aarch64-darwin",
      "group": "toplevel",
      "priority": 5
    },
    {
      "attr_path": "jq",
      "broken": false,
      "derivation": "/nix/store/jifvrm8kywdhavjbzk71003pxclw07sp-jq-1.8.2.drv",
      "description": "Lightweight and flexible command-line JSON processor",
      "install_id": "jq",
      "license": "MIT",
      "locked_url": "https://github.com/flox/nixpkgs?rev=b1b875982b17dabde9b4a37f3e229e74913e6db3",
      "name": "jq-1.8.2",
      "pname": "jq",
      "rev": "b1b875982b17dabde9b4a37f3e229e74913e6db3",
      "rev_count": 1074753,
      "rev_date": "2026-09-16T08:07:56Z",
      "scrape_date": "2026-09-17T05:40:45.786355Z",
      "stabilities": [
        "unstable"
      ],
      "unfree": false,
      "version": "1.8.2",
      "outputs_to_install": [
        "bin",
        "bin",
        "bin",
        "man",
        "man"
      ],
      "outputs": {
        "bin": "/nix/store/fgshiz9w26917l7530sfjmgfr2cnrwin-jq-1.8.2-bin",
        "dev": "/nix/store/vgi36pbmhznhnm0y5v6qcq910qlqxkax-jq-1.8.2-dev",
        "doc": "/nix/store/sq95h0m8dmfw08sa8nr1sp57z6vvd4p3-jq-1.8.2-doc",
        "man": "/nix/store/jr6kk0vlyvxkzphv4cpdlbjm21w6arxs-jq-1.8.2-man",
        "out": "/nix/store/j3iapgb9wym689wvdpg7r18bp03wkk92-jq-1.8.2"
      },
      "system": "aarch64-linux",
      "group": "toplevel",
      "priority": 5
    },
    {
      "attr_path": "jq",
      "broken": false,
      "derivation": "/nix/store/68i3qslgf4rmd9yzzpa9k91sbh74j7dr-jq-1.8.2.drv",
      "description": "Lightweight and flexible command-line JSON processor",
      "install_id": "jq",
      "license": "MIT",
      "locked_url": "https://github.com/flox/nixpkgs?rev=b1b875982b17dabde9b4a37f3e229e74913e6db3",
      "name": "jq-1.8.2",
      "pname": "jq",
      "rev": "b1b875982b17dabde9b4a37f3e229e74913e6db3",
      "rev_count": 1074753,
      "rev_date": "2026-09-16T08:07:56Z",
      "scrape_date": "2026-09-17T06:22:25.159412Z",
      "stabilities": [
        "unstable"
      ],
      "unfree": false,
      "version": "1.8.2",
      "outputs_to_install": [
        "bin",
        "bin",
        "bin",
        "man",
        "man"
      ],
      "outputs": {
        "bin": "/nix/store/hyz22a0l5b5kv7yfypw4ss6d36vbzg01-jq-1.8.2-bin",
        "dev": "/nix/store/6yfz5ayq5c8nhhf4bb2fs6d72wmkpz99-jq-1.8.2-dev",
        "doc": "/nix/store/4nyfj762zipxy8m89nr6qr3pdyib5lc6-jq-1.8.2-doc",
        "man": "/nix/store/i8q5p6696qyq3ljdxmnw8dsvb2bjxp31-jq-1.8.2-man",
        "out": "/nix/store/bkxqspw3p2d70my28z2skx5d84xkxi40-jq-1.8.2"
      },
      "system": "x86_64-linux",
      "group": "toplevel",
      "priority": 5
    },
    {
      "attr_path": "sqlite-interactive",
      "broken": false,
      "derivation": "/nix/store/6bf98vmwzgar7fpwqsims5ix4hmildjr-sqlite-interactive-3.53.3.drv",
      "description": "Self-contained, serverless, zero-configuration, transactional SQL database engine",
      "install_id": "sqlite-interactive",
      "license": "blessing",
      "locked_url": "https://github.com/flox/nixpkgs?rev=b1b875982b17dabde9b4a37f3e229e74913e6db3",
      "name": "sqlite-interactive-3.53.3",
      "pname": "sqlite-interactive",
      "rev": "b1b875982b17dabde9b4a37f3e229e74913e6db3",
      "rev_count": 1074753,
      "rev_date": "2026-09-16T08:07:56Z",
      "scrape_date": "2026-09-17T05:05:24.007637Z",
      "stabilities": [
        "unstable"
      ],
      "unfree": false,
      "version": "3.53.3",
      "outputs_to_install": [
        "bin",
        "man"
      ],
      "outputs": {
        "bin": "/nix/store/zc1wl69f579pfdry6b7gszxzc8yqbzpj-sqlite-interactive-3.53.3-bin",
        "dev": "/nix/store/bc0330z5hwd2rlkr314ckbzc9my0sqhl-sqlite-interactive-3.53.3-dev",
        "doc": "/nix/store/6jirfw72c6lv2vl4d9y43w503hi2dqvg-sqlite-interactive-3.53.3-doc",
        "man": "/nix/store/wxxbsr4mkc251qhkfvp2r731999922r9-sqlite-interactive-3.53.3-man",
        "out": "/nix/store/bzx1fpmd7sckvjvac299699xi5gnnxw3-sqlite-interactive-3.53.3"
      },
      "system": "aarch64-darwin",
      "group": "toplevel",
      "priority": 5
    },
    {
      "attr_path": "sqlite-interactive",
      "broken": false,
      "derivation": "/nix/store/1bn5f2kgp32lqdkmafvpnyb7cdbcrfwm-sqlite-interactive-3.53.3.drv",
      "description": "Self-contained, serverless, zero-configuration, transactional SQL database engine",
      "install_id": "sqlite-interactive",
      "license": "blessing",
      "locked_url": "https://github.com/flox/nixpkgs?rev=b1b875982b17dabde9b4a37f3e229e74913e6db3",
      "name": "sqlite-interactive-3.53.3",
      "pname": "sqlite-interactive",
      "rev": "b1b875982b17dabde9b4a37f3e229e74913e6db3",
      "rev_count": 1074753,
      "rev_date": "2026-09-16T08:07:56Z",
      "scrape_date": "2026-09-17T05:42:59.152069Z",
      "stabilities": [
        "unstable"
      ],
      "unfree": false,
      "version": "3.53.3",
      "outputs_to_install": [
        "bin",
        "man"
      ],
      "outputs": {
        "bin": "/nix/store/jblgggbcyapdgnj1rdr4rnyssy5p6v4m-sqlite-interactive-3.53.3-bin",
        "debug": "/nix/store/k9x6s6plmzvscj89cb1idhambbdwch7z-sqlite-interactive-3.53.3-debug",
        "dev": "/nix/store/jg3n75zswaxd75a7psr3488kd5ymlidq-sqlite-interactive-3.53.3-dev",
        "doc": "/nix/store/jsjc3s1alq5g4ak1502rglaph6pnvrsk-sqlite-interactive-3.53.3-doc",
        "man": "/nix/store/m9apf0asff7ymnha737l57j72fajdvq4-sqlite-interactive-3.53.3-man",
        "out": "/nix/store/26zh5kl7mn0zmx0f6fr87fkwsdk840fv-sqlite-interactive-3.53.3"
      },
      "system": "aarch64-linux",
      "group": "toplevel",
      "priority": 5
    },
    {
      "attr_path": "sqlite-interactive",
      "broken": false,
      "derivation": "/nix/store/qlfw8hvld6z0i7zm5pdkxgzyb95qsraf-sqlite-interactive-3.53.3.drv",
      "description": "Self-contained, serverless, zero-configuration, transactional SQL database engine",
      "install_id": "sqlite-interactive",
      "license": "blessing",
      "locked_url": "https://github.com/flox/nixpkgs?rev=b1b875982b17dabde9b4a37f3e229e74913e6db3",
      "name": "sqlite-interactive-3.53.3",
      "pname": "sqlite-interactive",
      "rev": "b1b875982b17dabde9b4a37f3e229e74913e6db3",
      "rev_count": 1074753,
      "rev_date": "2026-09-16T08:07:56Z",
      "scrape_date": "2026-09-17T06:24:43.951806Z",
      "stabilities": [
        "unstable"
      ],
      "unfree": false,
      "version": "3.53.3",
      "outputs_to_install": [
        "bin",
        "man"
      ],
      "outputs": {
        "bin": "/nix/store/l8krr6mcmzc3zga75xwscigv0g3hggav-sqlite-interactive-3.53.3-bin",
        "debug": "/nix/store/y9ppr4hxacr7mzd6lvlhb94gxm5xqkpq-sqlite-interactive-3.53.3-debug",
        "dev": "/nix/store/bhp8mjl01ykr4hqf3r0xakbslz8ngx6c-sqlite-interactive-3.53.3-dev",
        "doc": "/nix/store/z5qp4a9d4rnzlc19wrdhj44p39h4j8im-sqlite-interactive-3.53.3-doc",
        "man": "/nix/store/f6v3ak1b3byxjcl1w3pawpkwpgn3dhm3-sqlite-interactive-3.53.3-man",
        "out": "/nix/store/jws4ifmin6bfz79ij8g4x9q0jrp1nrg7-sqlite-interactive-3.53.3"
      },
      "system": "x86_64-linux",
      "group": "toplevel",
      "priority": 5
    }
  ]
}
